
Microsoft Visual Studio Solution File, Format Version 12.00
# Visual Studio Version 17
VisualStudioVersion = 17.6.33801.468
MinimumVisualStudioVersion = 10.0.40219.1
Project("{FAE04EC0-301F-11D3-BF4B-00C04F79EFBC}") = "MyAssienment", "MyAssienment.csproj", "{C582BBDC-4EEA-4726-AFC7-1AF042780406}"
EndProject
Global
	GlobalSection(SolutionConfigurationPlatforms) = preSolution
		Debug|Any CPU = Debug|Any CPU
		Release|Any CPU = Release|Any CPU
	EndGlobalSection
	GlobalSection(ProjectConfigurationPlatforms) = postSolution
		{C582BBDC-4EEA-4726-AFC7-1AF042780406}.Debug|Any CPU.ActiveCfg = Debug|Any CPU
		{C582BBDC-4EEA-4726-AFC7-1AF042780406}.Debug|Any CPU.Build.0 = Debug|Any CPU
		{C582BBDC-4EEA-4726-AFC7-1AF042780406}.Release|Any CPU.ActiveCfg = Release|Any CPU
		{C582BBDC-4EEA-4726-AFC7-1AF042780406}.Release|Any CPU.Build.0 = Release|Any CPU
	EndGlobalSection
	GlobalSection(SolutionProperties) = preSolution
		HideSolutionNode = FALSE
	EndGlobalSection
	GlobalSection(ExtensibilityGlobals) = postSolution
		SolutionGuid = {8BAC85E8-7719-4164-9C5E-2EE52BDC153E}
	EndGlobalSection
EndGlobal
